
Microsoft Visual Studio Solution File, Format Version 12.00
# Visual Studio Version 16
VisualStudioVersion = 16.0.29905.134
MinimumVisualStudioVersion = 10.0.40219.1
Project("{FAE04EC0-301F-11D3-BF4B-00C04F79EFBC}") = "Beeffective", "Beeffective\Beeffective.csproj", "{2B7485ED-FD32-4081-82C7-681AB1D67EE2}"
EndProject
Global
	GlobalSection(SolutionConfigurationPlatforms) = preSolution
		Debug|Any CPU = Debug|Any CPU
		Release|Any CPU = Release|Any CPU
	EndGlobalSection
	GlobalSection(ProjectConfigurationPlatforms) = postSolution
		{2B7485ED-FD32-4081-82C7-681AB1D67EE2}.Debug|Any CPU.ActiveCfg = Debug|Any CPU
		{2B7485ED-FD32-4081-82C7-681AB1D67EE2}.Debug|Any CPU.Build.0 = Debug|Any CPU
		{2B7485ED-FD32-4081-82C7-681AB1D67EE2}.Release|Any CPU.ActiveCfg = Release|Any CPU
		{2B7485ED-FD32-4081-82C7-681AB1D67EE2}.Release|Any CPU.Build.0 = Release|Any CPU
	EndGlobalSection
	GlobalSection(SolutionProperties) = preSolution
		HideSolutionNode = FALSE
	EndGlobalSection
	GlobalSection(ExtensibilityGlobals) = postSolution
		SolutionGuid = {CB6B979B-F5F7-49DB-972F-FDDBF19F3FC1}
	EndGlobalSection
EndGlobal
