
Microsoft Visual Studio Solution File, Format Version 12.00
# Visual Studio Version 16
VisualStudioVersion = 16.0.29905.134
MinimumVisualStudioVersion = 10.0.40219.1
Project("{9A19103F-16F7-4668-BE54-9A1E7A4F7556}") = "Beeffective", "Beeffective\Beeffective.csproj", "{2B7485ED-FD32-4081-82C7-681AB1D67EE2}"
EndProject
Project("{9A19103F-16F7-4668-BE54-9A1E7A4F7556}") = "Beeffective.Data", "Beeffective.Data\Beeffective.Data.csproj", "{D81556E0-C4AC-4A50-BD1D-C8406A974853}"
EndProject
Project("{9A19103F-16F7-4668-BE54-9A1E7A4F7556}") = "Beeffective.Tests", "Beeffective.Tests\Beeffective.Tests.csproj", "{31006E7B-FC78-46E8-83C5-75F1CB2DDBB8}"
EndProject
Global
	GlobalSection(SolutionConfigurationPlatforms) = preSolution
		Debug|Any CPU = Debug|Any CPU
		Release|Any CPU = Release|Any CPU
	EndGlobalSection
	GlobalSection(ProjectConfigurationPlatforms) = postSolution
		{2B7485ED-FD32-4081-82C7-681AB1D67EE2}.Debug|Any CPU.ActiveCfg = Debug|Any CPU
		{2B7485ED-FD32-4081-82C7-681AB1D67EE2}.Debug|Any CPU.Build.0 = Debug|Any CPU
		{2B7485ED-FD32-4081-82C7-681AB1D67EE2}.Release|Any CPU.ActiveCfg = Release|Any CPU
		{2B7485ED-FD32-4081-82C7-681AB1D67EE2}.Release|Any CPU.Build.0 = Release|Any CPU
		{D81556E0-C4AC-4A50-BD1D-C8406A974853}.Debug|Any CPU.ActiveCfg = Debug|Any CPU
		{D81556E0-C4AC-4A50-BD1D-C8406A974853}.Debug|Any CPU.Build.0 = Debug|Any CPU
		{D81556E0-C4AC-4A50-BD1D-C8406A974853}.Release|Any CPU.ActiveCfg = Release|Any CPU
		{D81556E0-C4AC-4A50-BD1D-C8406A974853}.Release|Any CPU.Build.0 = Release|Any CPU
		{31006E7B-FC78-46E8-83C5-75F1CB2DDBB8}.Debug|Any CPU.ActiveCfg = Debug|Any CPU
		{31006E7B-FC78-46E8-83C5-75F1CB2DDBB8}.Debug|Any CPU.Build.0 = Debug|Any CPU
		{31006E7B-FC78-46E8-83C5-75F1CB2DDBB8}.Release|Any CPU.ActiveCfg = Release|Any CPU
		{31006E7B-FC78-46E8-83C5-75F1CB2DDBB8}.Release|Any CPU.Build.0 = Release|Any CPU
	EndGlobalSection
	GlobalSection(SolutionProperties) = preSolution
		HideSolutionNode = FALSE
	EndGlobalSection
	GlobalSection(ExtensibilityGlobals) = postSolution
		SolutionGuid = {CB6B979B-F5F7-49DB-972F-FDDBF19F3FC1}
	EndGlobalSection
EndGlobal
